// !$*UTF8*$!
{
	archiveVersion = 1;
	classes = {
	};
	objectVersion = 55;
	objects = {

/* Begin PBXBuildFile section */
		87531D615D26077AB02441C8 /* Toolkit.framework in Frameworks */ = {isa = PBXBuildFile; fileRef = 5AF2B1C7A865E1D81114BF67 /* Toolkit.framework */; };
		A8E5B372C1E406EBB08B323B /* ToolkitTests.swift in Sources */ = {isa = PBXBuildFile; fileRef = 60418D40DD0803FC43C770FA /* ToolkitTests.swift */; };
		F4C5F515F3067C91B7884226 /* Toolkit.swift in Sources */ = {isa = PBXBuildFile; fileRef = 3BEB389A8D6A238ECEC5D948 /* Toolkit.swift */; };
/* End PBXBuildFile section */

/* Begin PBXContainerItemProxy section */
		94953760012A20D6FBE85725 /* PBXContainerItemProxy */ = {
			isa = PBXContainerItemProxy;
			containerPortal = 667E63ED8FA216C78C961D82 /* Project object */;
			proxyType = 1;
			remoteGlobalIDString = D2D1C48262081864DFFA709C;
			remoteInfo = Toolkit;
		};
/* End PBXContainerItemProxy section */

/* Begin PBXCopyFilesBuildPhase section */
		735EE835590BBC5A6F245E9F /* Embed Frameworks */ = {
			isa = PBXCopyFilesBuildPhase;
			buildActionMask = 2147483647;
			dstPath = "";
			dstSubfolderSpec = 10;
			files = (
			);
			name = "Embed Frameworks";
			runOnlyForDeploymentPostprocessing = 0;
		};
		FC4C021EAB7B339ED0DED21E /* Embed Frameworks */ = {
			isa = PBXCopyFilesBuildPhase;
			buildActionMask = 2147483647;
			dstPath = "";
			dstSubfolderSpec = 10;
			files = (
			);
			name = "Embed Frameworks";
			runOnlyForDeploymentPostprocessing = 0;
		};
/* End PBXCopyFilesBuildPhase section */

/* Begin PBXFileReference section */
		1A17260C1FD2E7237351AFF2 /* ToolkitTests-Info.plist */ = {isa = PBXFileReference; lastKnownFileType = text.plist; path = "ToolkitTests-Info.plist"; sourceTree = "<group>"; };
		3BEB389A8D6A238ECEC5D948 /* Toolkit.swift */ = {isa = PBXFileReference; lastKnownFileType = sourcecode.swift; path = Toolkit.swift; sourceTree = "<group>"; };
		5AF2B1C7A865E1D81114BF67 /* Toolkit.framework */ = {isa = PBXFileReference; explicitFileType = wrapper.framework; includeInIndex = 0; path = Toolkit.framework; sourceTree = BUILT_PRODUCTS_DIR; };
		60418D40DD0803FC43C770FA /* ToolkitTests.swift */ = {isa = PBXFileReference; lastKnownFileType = sourcecode.swift; path = ToolkitTests.swift; sourceTree = "<group>"; };
		AB0DDC414C2C1CDF1758F4AE /* Toolkit-Info.plist */ = {isa = PBXFileReference; lastKnownFileType = text.plist; path = "Toolkit-Info.plist"; sourceTree = "<group>"; };
		FC4011EEFE775DD18176D714 /* ToolkitTests.xctest */ = {isa = PBXFileReference; explicitFileType = wrapper.cfbundle; includeInIndex = 0; path = ToolkitTests.xctest; sourceTree = BUILT_PRODUCTS_DIR; };
/* End PBXFileReference section */

/* Begin PBXFrameworksBuildPhase section */
		3FDC6FF917CB1872275DC039 /* Frameworks */ = {
			isa = PBXFrameworksBuildPhase;
			buildActionMask = 2147483647;
			files = (
				87531D615D26077AB02441C8 /* Toolkit.framework in Frameworks */,
			);
			runOnlyForDeploymentPostprocessing = 0;
		};
		462275B8914A8CF5D0C141D3 /* Frameworks */ = {
			isa = PBXFrameworksBuildPhase;
			buildActionMask = 2147483647;
			files = (
			);
			runOnlyForDeploymentPostprocessing = 0;
		};
/* End PBXFrameworksBuildPhase section */

/* Begin PBXGroup section */
		1EB6D842AD6B1E6644E7814B /* Derived */ = {
			isa = PBXGroup;
			children = (
				E78B301FA93AE3DD4A51ADB9 /* InfoPlists */,
			);
			path = Derived;
			sourceTree = "<group>";
		};
		50A08706F0DB1D81A7D7D611 /* Tests */ = {
			isa = PBXGroup;
			children = (
				DB0A52BDE1D999523518D9F8 /* ToolkitTests */,
			);
			path = Tests;
			sourceTree = "<group>";
		};
		670E6525DEF6ABE5BD6177FD /* Sources */ = {
			isa = PBXGroup;
			children = (
				AC59F3507F7BBDA53E0C9ADD /* Toolkit */,
			);
			path = Sources;
			sourceTree = "<group>";
		};
		8D8AB4709C9314B5B01FA3A1 /* Project */ = {
			isa = PBXGroup;
			children = (
				1EB6D842AD6B1E6644E7814B /* Derived */,
				670E6525DEF6ABE5BD6177FD /* Sources */,
				50A08706F0DB1D81A7D7D611 /* Tests */,
			);
			name = Project;
			sourceTree = "<group>";
		};
		AC59F3507F7BBDA53E0C9ADD /* Toolkit */ = {
			isa = PBXGroup;
			children = (
				3BEB389A8D6A238ECEC5D948 /* Toolkit.swift */,
			);
			path = Toolkit;
			sourceTree = "<group>";
		};
		C4A801C4F74EB48D9F1F1760 = {
			isa = PBXGroup;
			children = (
				DD255B4B2EA175FDEC33200C /* Products */,
				8D8AB4709C9314B5B01FA3A1 /* Project */,
			);
			sourceTree = "<group>";
		};
		DB0A52BDE1D999523518D9F8 /* ToolkitTests */ = {
			isa = PBXGroup;
			children = (
				60418D40DD0803FC43C770FA /* ToolkitTests.swift */,
			);
			path = ToolkitTests;
			sourceTree = "<group>";
		};
		DD255B4B2EA175FDEC33200C /* Products */ = {
			isa = PBXGroup;
			children = (
				5AF2B1C7A865E1D81114BF67 /* Toolkit.framework */,
				FC4011EEFE775DD18176D714 /* ToolkitTests.xctest */,
			);
			name = Products;
			sourceTree = "<group>";
		};
		E78B301FA93AE3DD4A51ADB9 /* InfoPlists */ = {
			isa = PBXGroup;
			children = (
				AB0DDC414C2C1CDF1758F4AE /* Toolkit-Info.plist */,
				1A17260C1FD2E7237351AFF2 /* ToolkitTests-Info.plist */,
			);
			path = InfoPlists;
			sourceTree = "<group>";
		};
/* End PBXGroup section */

/* Begin PBXNativeTarget section */
		3792C7C1591D440FFF8B66FF /* ToolkitTests */ = {
			isa = PBXNativeTarget;
			buildConfigurationList = E40B0E5605718FED1BF3A8F8 /* Build configuration list for PBXNativeTarget "ToolkitTests" */;
			buildPhases = (
				3125A891E81719285520CCBF /* Sources */,
				6CD4C5C77055279D0E0EBB94 /* Resources */,
				3FDC6FF917CB1872275DC039 /* Frameworks */,
				735EE835590BBC5A6F245E9F /* Embed Frameworks */,
			);
			buildRules = (
			);
			dependencies = (
				6A12F73A9C1C52D3A8DD96E3 /* PBXTargetDependency */,
			);
			name = ToolkitTests;
			packageProductDependencies = (
			);
			productName = ToolkitTests;
			productReference = FC4011EEFE775DD18176D714 /* ToolkitTests.xctest */;
			productType = "com.apple.product-type.bundle.unit-test";
		};
		D2D1C48262081864DFFA709C /* Toolkit */ = {
			isa = PBXNativeTarget;
			buildConfigurationList = 7A251A7F47638AE299E81B1A /* Build configuration list for PBXNativeTarget "Toolkit" */;
			buildPhases = (
				BD6EAB4EEE8B1BFB14DD5222 /* Sources */,
				778B1129C70D8927C06A7344 /* Resources */,
				462275B8914A8CF5D0C141D3 /* Frameworks */,
				FC4C021EAB7B339ED0DED21E /* Embed Frameworks */,
			);
			buildRules = (
			);
			dependencies = (
			);
			name = Toolkit;
			packageProductDependencies = (
			);
			productName = Toolkit;
			productReference = 5AF2B1C7A865E1D81114BF67 /* Toolkit.framework */;
			productType = "com.apple.product-type.framework";
		};
/* End PBXNativeTarget section */

/* Begin PBXProject section */
		667E63ED8FA216C78C961D82 /* Project object */ = {
			isa = PBXProject;
			attributes = {
				BuildIndependentTargetsInParallel = YES;
				ORGANIZATIONNAME = m;
				TargetAttributes = {
				};
			};
			buildConfigurationList = F8565FFCF2F9B6757EA4BFB7 /* Build configuration list for PBXProject "Toolkit" */;
			compatibilityVersion = "Xcode 14.0";
			developmentRegion = en;
			hasScannedForEncodings = 0;
			knownRegions = (
				Base,
				en,
			);
			mainGroup = C4A801C4F74EB48D9F1F1760;
			productRefGroup = DD255B4B2EA175FDEC33200C /* Products */;
			projectDirPath = "";
			projectRoot = "";
			targets = (
				D2D1C48262081864DFFA709C /* Toolkit */,
				3792C7C1591D440FFF8B66FF /* ToolkitTests */,
			);
		};
/* End PBXProject section */

/* Begin PBXResourcesBuildPhase section */
		6CD4C5C77055279D0E0EBB94 /* Resources */ = {
			isa = PBXResourcesBuildPhase;
			buildActionMask = 2147483647;
			files = (
			);
			runOnlyForDeploymentPostprocessing = 0;
		};
		778B1129C70D8927C06A7344 /* Resources */ = {
			isa = PBXResourcesBuildPhase;
			buildActionMask = 2147483647;
			files = (
			);
			runOnlyForDeploymentPostprocessing = 0;
		};
/* End PBXResourcesBuildPhase section */

/* Begin PBXSourcesBuildPhase section */
		3125A891E81719285520CCBF /* Sources */ = {
			isa = PBXSourcesBuildPhase;
			buildActionMask = 2147483647;
			files = (
				A8E5B372C1E406EBB08B323B /* ToolkitTests.swift in Sources */,
			);
			runOnlyForDeploymentPostprocessing = 0;
		};
		BD6EAB4EEE8B1BFB14DD5222 /* Sources */ = {
			isa = PBXSourcesBuildPhase;
			buildActionMask = 2147483647;
			files = (
				F4C5F515F3067C91B7884226 /* Toolkit.swift in Sources */,
			);
			runOnlyForDeploymentPostprocessing = 0;
		};
/* End PBXSourcesBuildPhase section */

/* Begin PBXTargetDependency section */
		6A12F73A9C1C52D3A8DD96E3 /* PBXTargetDependency */ = {
			isa = PBXTargetDependency;
			name = Toolkit;
			target = D2D1C48262081864DFFA709C /* Toolkit */;
			targetProxy = 94953760012A20D6FBE85725 /* PBXContainerItemProxy */;
		};
/* End PBXTargetDependency section */

/* Begin XCBuildConfiguration section */
		08ECB9837701DAC5D7DF1AF8 /* Debug */ = {
			isa = XCBuildConfiguration;
			buildSettings = {
				INFOPLIST_FILE = "Derived/InfoPlists/ToolkitTests-Info.plist";
				LD_RUNPATH_SEARCH_PATHS = (
					"$(inherited)",
					"@executable_path/Frameworks",
					"@loader_path/Frameworks",
				);
				"LD_RUNPATH_SEARCH_PATHS[sdk=macosx*]" = (
					"$(inherited)",
					"@executable_path/../Frameworks",
					"@loader_path/../Frameworks",
				);
				PRODUCT_BUNDLE_IDENTIFIER = m.toolkit.tests;
				PRODUCT_NAME = ToolkitTests;
				SDKROOT = auto;
				SUPPORTED_PLATFORMS = "iphoneos iphonesimulator macosx";
				SUPPORTS_MACCATALYST = NO;
				SUPPORTS_MAC_DESIGNED_FOR_IPHONE_IPAD = NO;
				SUPPORTS_XR_DESIGNED_FOR_IPHONE_IPAD = NO;
				SWIFT_ACTIVE_COMPILATION_CONDITIONS = (
					"$(inherited)",
					DEBUG,
				);
				SWIFT_COMPILATION_MODE = singlefile;
				SWIFT_OPTIMIZATION_LEVEL = "-Onone";
				SWIFT_VERSION = 5.0;
				TARGETED_DEVICE_FAMILY = "1,2";
			};
			name = Debug;
		};
		28219A528B9F01F9EBE5B83C /* Release */ = {
			isa = XCBuildConfiguration;
			buildSettings = {
				ALWAYS_SEARCH_USER_PATHS = NO;
				CLANG_ANALYZER_LOCALIZABILITY_NONLOCALIZED = YES;
				CLANG_ANALYZER_NONNULL = YES;
				CLANG_ANALYZER_NUMBER_OBJECT_CONVERSION = YES_AGGRESSIVE;
				CLANG_CXX_LANGUAGE_STANDARD = "gnu++14";
				CLANG_CXX_LIBRARY = "libc++";
				CLANG_ENABLE_MODULES = YES;
				CLANG_ENABLE_OBJC_ARC = YES;
				CLANG_ENABLE_OBJC_WEAK = YES;
				CLANG_WARN_BLOCK_CAPTURE_AUTORELEASING = YES;
				CLANG_WARN_BOOL_CONVERSION = YES;
				CLANG_WARN_COMMA = YES;
				CLANG_WARN_CONSTANT_CONVERSION = YES;
				CLANG_WARN_DEPRECATED_OBJC_IMPLEMENTATIONS = YES;
				CLANG_WARN_DIRECT_OBJC_ISA_USAGE = YES_ERROR;
				CLANG_WARN_DOCUMENTATION_COMMENTS = YES;
				CLANG_WARN_EMPTY_BODY = YES;
				CLANG_WARN_ENUM_CONVERSION = YES;
				CLANG_WARN_INFINITE_RECURSION = YES;
				CLANG_WARN_INT_CONVERSION = YES;
				CLANG_WARN_NON_LITERAL_NULL_CONVERSION = YES;
				CLANG_WARN_OBJC_IMPLICIT_RETAIN_SELF = YES;
				CLANG_WARN_OBJC_LITERAL_CONVERSION = YES;
				CLANG_WARN_OBJC_ROOT_CLASS = YES_ERROR;
				CLANG_WARN_QUOTED_INCLUDE_IN_FRAMEWORK_HEADER = YES;
				CLANG_WARN_RANGE_LOOP_ANALYSIS = YES;
				CLANG_WARN_STRICT_PROTOTYPES = YES;
				CLANG_WARN_SUSPICIOUS_MOVE = YES;
				CLANG_WARN_UNGUARDED_AVAILABILITY = YES_AGGRESSIVE;
				CLANG_WARN_UNREACHABLE_CODE = YES;
				CLANG_WARN__DUPLICATE_METHOD_MATCH = YES;
				COPY_PHASE_STRIP = NO;
				DEAD_CODE_STRIPPING = YES;
				DEBUG_INFORMATION_FORMAT = "dwarf-with-dsym";
				ENABLE_NS_ASSERTIONS = NO;
				ENABLE_STRICT_OBJC_MSGSEND = YES;
				GCC_C_LANGUAGE_STANDARD = gnu11;
				GCC_NO_COMMON_BLOCKS = YES;
				GCC_WARN_64_TO_32_BIT_CONVERSION = YES;
				GCC_WARN_ABOUT_RETURN_TYPE = YES_ERROR;
				GCC_WARN_UNDECLARED_SELECTOR = YES;
				GCC_WARN_UNINITIALIZED_AUTOS = YES_AGGRESSIVE;
				GCC_WARN_UNUSED_FUNCTION = YES;
				GCC_WARN_UNUSED_VARIABLE = YES;
				MTL_ENABLE_DEBUG_INFO = NO;
				PRODUCT_NAME = "$(TARGET_NAME)";
				VALIDATE_PRODUCT = YES;
			};
			name = Release;
		};
		66FDF0940EB6D431212E048F /* Release */ = {
			isa = XCBuildConfiguration;
			buildSettings = {
				CURRENT_PROJECT_VERSION = 1;
				DEFINES_MODULE = YES;
				DYLIB_COMPATIBILITY_VERSION = 1;
				DYLIB_CURRENT_VERSION = 1;
				DYLIB_INSTALL_NAME_BASE = "@rpath";
				INFOPLIST_FILE = "Derived/InfoPlists/Toolkit-Info.plist";
				INSTALL_PATH = "$(LOCAL_LIBRARY_DIR)/Frameworks";
				IPHONEOS_DEPLOYMENT_TARGET = 26.0;
				LD_RUNPATH_SEARCH_PATHS = (
					"$(inherited)",
					"@executable_path/Frameworks",
					"@loader_path/Frameworks",
				);
				"LD_RUNPATH_SEARCH_PATHS[sdk=macosx*]" = (
					"$(inherited)",
					"@executable_path/../Frameworks",
					"@loader_path/../Frameworks",
				);
				PRODUCT_BUNDLE_IDENTIFIER = m.toolkit;
				PRODUCT_NAME = Toolkit;
				SDKROOT = auto;
				SKIP_INSTALL = YES;
				SUPPORTED_PLATFORMS = "iphoneos iphonesimulator macosx";
				SUPPORTS_MACCATALYST = NO;
				SUPPORTS_MAC_DESIGNED_FOR_IPHONE_IPAD = NO;
				SUPPORTS_XR_DESIGNED_FOR_IPHONE_IPAD = NO;
				SWIFT_COMPILATION_MODE = wholemodule;
				SWIFT_OPTIMIZATION_LEVEL = "-O";
				SWIFT_VERSION = 6.0;
				TARGETED_DEVICE_FAMILY = "1,2";
				VERSIONING_SYSTEM = "apple-generic";
				VERSION_INFO_PREFIX = "";
			};
			name = Release;
		};
		6F585FF9C5EE76C50516C39A /* Debug */ = {
			isa = XCBuildConfiguration;
			buildSettings = {
				CURRENT_PROJECT_VERSION = 1;
				DEFINES_MODULE = YES;
				DYLIB_COMPATIBILITY_VERSION = 1;
				DYLIB_CURRENT_VERSION = 1;
				DYLIB_INSTALL_NAME_BASE = "@rpath";
				INFOPLIST_FILE = "Derived/InfoPlists/Toolkit-Info.plist";
				INSTALL_PATH = "$(LOCAL_LIBRARY_DIR)/Frameworks";
				IPHONEOS_DEPLOYMENT_TARGET = 26.0;
				LD_RUNPATH_SEARCH_PATHS = (
					"$(inherited)",
					"@executable_path/Frameworks",
					"@loader_path/Frameworks",
				);
				"LD_RUNPATH_SEARCH_PATHS[sdk=macosx*]" = (
					"$(inherited)",
					"@executable_path/../Frameworks",
					"@loader_path/../Frameworks",
				);
				PRODUCT_BUNDLE_IDENTIFIER = m.toolkit;
				PRODUCT_NAME = Toolkit;
				SDKROOT = auto;
				SKIP_INSTALL = YES;
				SUPPORTED_PLATFORMS = "iphoneos iphonesimulator macosx";
				SUPPORTS_MACCATALYST = NO;
				SUPPORTS_MAC_DESIGNED_FOR_IPHONE_IPAD = NO;
				SUPPORTS_XR_DESIGNED_FOR_IPHONE_IPAD = NO;
				SWIFT_ACTIVE_COMPILATION_CONDITIONS = (
					"$(inherited)",
					DEBUG,
				);
				SWIFT_COMPILATION_MODE = singlefile;
				SWIFT_OPTIMIZATION_LEVEL = "-Onone";
				SWIFT_VERSION = 6.0;
				TARGETED_DEVICE_FAMILY = "1,2";
				VERSIONING_SYSTEM = "apple-generic";
				VERSION_INFO_PREFIX = "";
			};
			name = Debug;
		};
		BFF9AB929A28C6D96732C089 /* Release */ = {
			isa = XCBuildConfiguration;
			buildSettings = {
				INFOPLIST_FILE = "Derived/InfoPlists/ToolkitTests-Info.plist";
				LD_RUNPATH_SEARCH_PATHS = (
					"$(inherited)",
					"@executable_path/Frameworks",
					"@loader_path/Frameworks",
				);
				"LD_RUNPATH_SEARCH_PATHS[sdk=macosx*]" = (
					"$(inherited)",
					"@executable_path/../Frameworks",
					"@loader_path/../Frameworks",
				);
				PRODUCT_BUNDLE_IDENTIFIER = m.toolkit.tests;
				PRODUCT_NAME = ToolkitTests;
				SDKROOT = auto;
				SUPPORTED_PLATFORMS = "iphoneos iphonesimulator macosx";
				SUPPORTS_MACCATALYST = NO;
				SUPPORTS_MAC_DESIGNED_FOR_IPHONE_IPAD = NO;
				SUPPORTS_XR_DESIGNED_FOR_IPHONE_IPAD = NO;
				SWIFT_COMPILATION_MODE = wholemodule;
				SWIFT_OPTIMIZATION_LEVEL = "-O";
				SWIFT_VERSION = 5.0;
				TARGETED_DEVICE_FAMILY = "1,2";
			};
			name = Release;
		};
		DF007F21CF670C051D00C8FE /* Debug */ = {
			isa = XCBuildConfiguration;
			buildSettings = {
				ALWAYS_SEARCH_USER_PATHS = NO;
				CLANG_ANALYZER_LOCALIZABILITY_NONLOCALIZED = YES;
				CLANG_ANALYZER_NONNULL = YES;
				CLANG_ANALYZER_NUMBER_OBJECT_CONVERSION = YES_AGGRESSIVE;
				CLANG_CXX_LANGUAGE_STANDARD = "gnu++14";
				CLANG_CXX_LIBRARY = "libc++";
				CLANG_ENABLE_MODULES = YES;
				CLANG_ENABLE_OBJC_ARC = YES;
				CLANG_ENABLE_OBJC_WEAK = YES;
				CLANG_WARN_BLOCK_CAPTURE_AUTORELEASING = YES;
				CLANG_WARN_BOOL_CONVERSION = YES;
				CLANG_WARN_COMMA = YES;
				CLANG_WARN_CONSTANT_CONVERSION = YES;
				CLANG_WARN_DEPRECATED_OBJC_IMPLEMENTATIONS = YES;
				CLANG_WARN_DIRECT_OBJC_ISA_USAGE = YES_ERROR;
				CLANG_WARN_DOCUMENTATION_COMMENTS = YES;
				CLANG_WARN_EMPTY_BODY = YES;
				CLANG_WARN_ENUM_CONVERSION = YES;
				CLANG_WARN_INFINITE_RECURSION = YES;
				CLANG_WARN_INT_CONVERSION = YES;
				CLANG_WARN_NON_LITERAL_NULL_CONVERSION = YES;
				CLANG_WARN_OBJC_IMPLICIT_RETAIN_SELF = YES;
				CLANG_WARN_OBJC_LITERAL_CONVERSION = YES;
				CLANG_WARN_OBJC_ROOT_CLASS = YES_ERROR;
				CLANG_WARN_QUOTED_INCLUDE_IN_FRAMEWORK_HEADER = YES;
				CLANG_WARN_RANGE_LOOP_ANALYSIS = YES;
				CLANG_WARN_STRICT_PROTOTYPES = YES;
				CLANG_WARN_SUSPICIOUS_MOVE = YES;
				CLANG_WARN_UNGUARDED_AVAILABILITY = YES_AGGRESSIVE;
				CLANG_WARN_UNREACHABLE_CODE = YES;
				CLANG_WARN__DUPLICATE_METHOD_MATCH = YES;
				COPY_PHASE_STRIP = NO;
				DEAD_CODE_STRIPPING = YES;
				DEBUG_INFORMATION_FORMAT = dwarf;
				ENABLE_STRICT_OBJC_MSGSEND = YES;
				ENABLE_TESTABILITY = YES;
				GCC_C_LANGUAGE_STANDARD = gnu11;
				GCC_DYNAMIC_NO_PIC = NO;
				GCC_NO_COMMON_BLOCKS = YES;
				GCC_OPTIMIZATION_LEVEL = 0;
				GCC_PREPROCESSOR_DEFINITIONS = (
					"DEBUG=1",
					"$(inherited)",
				);
				GCC_WARN_64_TO_32_BIT_CONVERSION = YES;
				GCC_WARN_ABOUT_RETURN_TYPE = YES_ERROR;
				GCC_WARN_UNDECLARED_SELECTOR = YES;
				GCC_WARN_UNINITIALIZED_AUTOS = YES_AGGRESSIVE;
				GCC_WARN_UNUSED_FUNCTION = YES;
				GCC_WARN_UNUSED_VARIABLE = YES;
				MTL_ENABLE_DEBUG_INFO = YES;
				ONLY_ACTIVE_ARCH = YES;
				PRODUCT_NAME = "$(TARGET_NAME)";
			};
			name = Debug;
		};
/* End XCBuildConfiguration section */

/* Begin XCConfigurationList section */
		7A251A7F47638AE299E81B1A /* Build configuration list for PBXNativeTarget "Toolkit" */ = {
			isa = XCConfigurationList;
			buildConfigurations = (
				6F585FF9C5EE76C50516C39A /* Debug */,
				66FDF0940EB6D431212E048F /* Release */,
			);
			defaultConfigurationIsVisible = 0;
			defaultConfigurationName = Release;
		};
		E40B0E5605718FED1BF3A8F8 /* Build configuration list for PBXNativeTarget "ToolkitTests" */ = {
			isa = XCConfigurationList;
			buildConfigurations = (
				08ECB9837701DAC5D7DF1AF8 /* Debug */,
				BFF9AB929A28C6D96732C089 /* Release */,
			);
			defaultConfigurationIsVisible = 0;
			defaultConfigurationName = Release;
		};
		F8565FFCF2F9B6757EA4BFB7 /* Build configuration list for PBXProject "Toolkit" */ = {
			isa = XCConfigurationList;
			buildConfigurations = (
				DF007F21CF670C051D00C8FE /* Debug */,
				28219A528B9F01F9EBE5B83C /* Release */,
			);
			defaultConfigurationIsVisible = 0;
			defaultConfigurationName = Release;
		};
/* End XCConfigurationList section */
	};
	rootObject = 667E63ED8FA216C78C961D82 /* Project object */;
}
